Microsoft Visual Studio Solution File, Format Version 11.00
# Visual Studio 2008

Project("{E2D39FF0-708B-A947-38F7-9C3A8D85808E}") = "NayaGame2", "Assembly-CSharp-vs.csproj", "{AC118944-49B9-5573-2483-5F77B69B4CC0}"
EndProject
Project("{E2D39FF0-708B-A947-38F7-9C3A8D85808E}") = "NayaGame2", "Assembly-CSharp-Editor-vs.csproj", "{9C79B04F-6E89-11AF-D8C4-5A3FD74E4568}"
EndProject
Global
	GlobalSection(SolutionConfigurationPlatforms) = preSolution
		Debug|Any CPU = Debug|Any CPU
		Release|Any CPU = Release|Any CPU
	EndGlobalSection
	GlobalSection(ProjectConfigurationPlatforms) = postSolution
		{AC118944-49B9-5573-2483-5F77B69B4CC0}.Debug|Any CPU.ActiveCfg = Debug|Any CPU
		{AC118944-49B9-5573-2483-5F77B69B4CC0}.Debug|Any CPU.Build.0 = Debug|Any CPU
		{AC118944-49B9-5573-2483-5F77B69B4CC0}.Release|Any CPU.ActiveCfg = Release|Any CPU
		{AC118944-49B9-5573-2483-5F77B69B4CC0}.Release|Any CPU.Build.0 = Release|Any CPU
		{9C79B04F-6E89-11AF-D8C4-5A3FD74E4568}.Debug|Any CPU.ActiveCfg = Debug|Any CPU
		{9C79B04F-6E89-11AF-D8C4-5A3FD74E4568}.Debug|Any CPU.Build.0 = Debug|Any CPU
		{9C79B04F-6E89-11AF-D8C4-5A3FD74E4568}.Release|Any CPU.ActiveCfg = Release|Any CPU
		{9C79B04F-6E89-11AF-D8C4-5A3FD74E4568}.Release|Any CPU.Build.0 = Release|Any CPU
	EndGlobalSection
	GlobalSection(SolutionProperties) = preSolution
		HideSolutionNode = FALSE
	EndGlobalSection
																																																																																																	GlobalSection(MonoDevelopProperties) = preSolution
		StartupItem = Assembly-CSharp.csproj
		Policies = $0
		$0.TextStylePolicy = $1
		$1.inheritsSet = null
		$1.scope = text/x-csharp
		$0.CSharpFormattingPolicy = $2
		$2.inheritsSet = Mono
		$2.inheritsScope = text/x-csharp
		$2.scope = text/x-csharp
		$0.TextStylePolicy = $3
		$3.FileWidth = 120
		$3.TabWidth = 4
		$3.EolMarker = Unix
		$3.inheritsSet = Mono
		$3.inheritsScope = text/plain
		$3.scope = text/plain
	EndGlobalSection

EndGlobal
