Microsoft Visual Studio Solution File, Format Version 11.00
# Visual Studio 2008

Project("{0676374A-D412-91C1-5D78-525E5C41A698}") = "NayaGame", "Assembly-CSharp.csproj", "{67EB2B7D-EAA1-846B-4B74-3C2AFBF2740A}"
EndProject
Project("{0676374A-D412-91C1-5D78-525E5C41A698}") = "NayaGame", "Assembly-CSharp-Editor.csproj", "{D2A030A0-C8EF-736A-245C-349C5D3E958D}"
EndProject
Global
	GlobalSection(SolutionConfigurationPlatforms) = preSolution
		Debug|Any CPU = Debug|Any CPU
		Release|Any CPU = Release|Any CPU
	EndGlobalSection
	GlobalSection(ProjectConfigurationPlatforms) = postSolution
		{67EB2B7D-EAA1-846B-4B74-3C2AFBF2740A}.Debug|Any CPU.ActiveCfg = Debug|Any CPU
		{67EB2B7D-EAA1-846B-4B74-3C2AFBF2740A}.Debug|Any CPU.Build.0 = Debug|Any CPU
		{67EB2B7D-EAA1-846B-4B74-3C2AFBF2740A}.Release|Any CPU.ActiveCfg = Release|Any CPU
		{67EB2B7D-EAA1-846B-4B74-3C2AFBF2740A}.Release|Any CPU.Build.0 = Release|Any CPU
		{D2A030A0-C8EF-736A-245C-349C5D3E958D}.Debug|Any CPU.ActiveCfg = Debug|Any CPU
		{D2A030A0-C8EF-736A-245C-349C5D3E958D}.Debug|Any CPU.Build.0 = Debug|Any CPU
		{D2A030A0-C8EF-736A-245C-349C5D3E958D}.Release|Any CPU.ActiveCfg = Release|Any CPU
		{D2A030A0-C8EF-736A-245C-349C5D3E958D}.Release|Any CPU.Build.0 = Release|Any CPU
	EndGlobalSection
	GlobalSection(SolutionProperties) = preSolution
		HideSolutionNode = FALSE
	EndGlobalSection
																				GlobalSection(MonoDevelopProperties) = preSolution
		StartupItem = Assembly-CSharp.csproj
		Policies = $0
		$0.TextStylePolicy = $1
		$1.inheritsSet = null
		$1.scope = text/x-csharp
		$0.CSharpFormattingPolicy = $2
		$2.inheritsSet = Mono
		$2.inheritsScope = text/x-csharp
		$2.scope = text/x-csharp
		$0.TextStylePolicy = $3
		$3.FileWidth = 120
		$3.TabWidth = 4
		$3.EolMarker = Unix
		$3.inheritsSet = Mono
		$3.inheritsScope = text/plain
		$3.scope = text/plain
	EndGlobalSection

EndGlobal
